
Microsoft Visual Studio Solution File, Format Version 12.00
# Visual Studio Version 17
VisualStudioVersion = 17.5.002.0
MinimumVisualStudioVersion = 10.0.40219.1
Project("{9A19103F-16F7-4668-BE54-9A1E7A4F7556}") = "Banco", "Banco.csproj", "{063A1A41-6482-4AF7-B76E-562F38BD42BC}"
EndProject
Global
	GlobalSection(SolutionConfigurationPlatforms) = preSolution
		Debug|Any CPU = Debug|Any CPU
		Release|Any CPU = Release|Any CPU
	EndGlobalSection
	GlobalSection(ProjectConfigurationPlatforms) = postSolution
		{063A1A41-6482-4AF7-B76E-562F38BD42BC}.Debug|Any CPU.ActiveCfg = Debug|Any CPU
		{063A1A41-6482-4AF7-B76E-562F38BD42BC}.Debug|Any CPU.Build.0 = Debug|Any CPU
		{063A1A41-6482-4AF7-B76E-562F38BD42BC}.Release|Any CPU.ActiveCfg = Release|Any CPU
		{063A1A41-6482-4AF7-B76E-562F38BD42BC}.Release|Any CPU.Build.0 = Release|Any CPU
	EndGlobalSection
	GlobalSection(SolutionProperties) = preSolution
		HideSolutionNode = FALSE
	EndGlobalSection
	GlobalSection(ExtensibilityGlobals) = postSolution
		SolutionGuid = {DC1501CA-47F4-4F4E-8EF5-C89E6409BA78}
	EndGlobalSection
EndGlobal
