
Microsoft Visual Studio Solution File, Format Version 12.00
# Visual Studio Version 17
VisualStudioVersion = 17.5.002.0
MinimumVisualStudioVersion = 10.0.40219.1
Project("{9A19103F-16F7-4668-BE54-9A1E7A4F7556}") = "Construtores", "Construtores.csproj", "{98BEEED3-EA88-4DF6-9E1B-0D9E64EBB2A0}"
EndProject
Global
	GlobalSection(SolutionConfigurationPlatforms) = preSolution
		Debug|Any CPU = Debug|Any CPU
		Release|Any CPU = Release|Any CPU
	EndGlobalSection
	GlobalSection(ProjectConfigurationPlatforms) = postSolution
		{98BEEED3-EA88-4DF6-9E1B-0D9E64EBB2A0}.Debug|Any CPU.ActiveCfg = Debug|Any CPU
		{98BEEED3-EA88-4DF6-9E1B-0D9E64EBB2A0}.Debug|Any CPU.Build.0 = Debug|Any CPU
		{98BEEED3-EA88-4DF6-9E1B-0D9E64EBB2A0}.Release|Any CPU.ActiveCfg = Release|Any CPU
		{98BEEED3-EA88-4DF6-9E1B-0D9E64EBB2A0}.Release|Any CPU.Build.0 = Release|Any CPU
	EndGlobalSection
	GlobalSection(SolutionProperties) = preSolution
		HideSolutionNode = FALSE
	EndGlobalSection
	GlobalSection(ExtensibilityGlobals) = postSolution
		SolutionGuid = {ED7645F7-130E-47FA-8FB3-87BF6534DC40}
	EndGlobalSection
EndGlobal
